# THIS IS AN AUTOGENERATED FILE. DO NOT EDIT THIS FILE DIRECTLY.
# yarn lockfile v1


jj-core-fn@^2.0.8:
  version "2.0.8"
  resolved "https://registry.yarnpkg.com/jj-core-fn/-/jj-core-fn-2.0.8.tgz#27fc96d586c47d1424ee6edfdc20c930ea1918ea"
  integrity sha512-apVultDzMFRMmny6hs5G3TcLaUyVkAQW99VGJKwR0WF9j6/9WRb3hf52L9BcGQVO2PxEY2M0XAcSl58ytPKDRw==
