# THIS IS AN AUTOGENERATED FILE. DO NOT EDIT THIS FILE DIRECTLY.
# yarn lockfile v1


jj-core-fn@^1.0.2:
  version "1.0.3"
  resolved "https://registry.yarnpkg.com/jj-core-fn/-/jj-core-fn-1.0.3.tgz#1f45541707c2332230a1a4ddd8f24bbcf13e5bdb"
  integrity sha512-q9s4NFVF9IAWWXZKNMdNd5sb1VVwo6UrsNH0EaJLq2BRpiSqdek0kmM9izu0oPAwaybny3fkVu+VA1XXtGS9ew==
