# THIS IS AN AUTOGENERATED FILE. DO NOT EDIT THIS FILE DIRECTLY.
# yarn lockfile v1


jj-core-fn@^1.0.10:
  version "1.0.10"
  resolved "https://registry.yarnpkg.com/jj-core-fn/-/jj-core-fn-1.0.10.tgz#7937b090afe08864e17c9e6166d2ca0fefd9c739"
  integrity sha512-vcYKEmmcED4Q7oXZFDuf/BBwdfkeIy4Wv6J+S+rCc85edDKg32jaK2vboyy3E+Jw/lInaK9Qb80F6u4EqZsJAQ==
